{
  "version": 4,
  "terraform_version": "1.9.8",
  "serial": 5,
  "lineage": "ce7729b2-351a-2bf9-e7b4-33f362dcc820",
  "outputs": {
    "myoutput": {
      "value": "vpc-01e44e150d88fc062",
      "type": "string"
    }
  },
  "resources": [
    {
      "mode": "managed",
      "type": "aws_vpc",
      "name": "myvpc",
      "provider": "provider[\"registry.terraform.io/hashicorp/aws\"]",
      "instances": [
        {
          "schema_version": 1,
          "attributes": {
            "arn": "arn:aws:ec2:af-south-1:273354649093:vpc/vpc-01e44e150d88fc062",
            "assign_generated_ipv6_cidr_block": false,
            "cidr_block": "10.0.0.0/16",
            "default_network_acl_id": "acl-08aff4655f440fd4e",
            "default_route_table_id": "rtb-09620e3da5ec4876d",
            "default_security_group_id": "sg-04f17b51d3b76aa09",
            "dhcp_options_id": "dopt-0ece85f373c69a40a",
            "enable_dns_hostnames": false,
            "enable_dns_support": true,
            "enable_network_address_usage_metrics": false,
            "id": "vpc-01e44e150d88fc062",
            "instance_tenancy": "default",
            "ipv4_ipam_pool_id": null,
            "ipv4_netmask_length": null,
            "ipv6_association_id": "",
            "ipv6_cidr_block": "",
            "ipv6_cidr_block_network_border_group": "",
            "ipv6_ipam_pool_id": "",
            "ipv6_netmask_length": 0,
            "main_route_table_id": "rtb-09620e3da5ec4876d",
            "owner_id": "273354649093",
            "tags": {
              "Name": "testvpc"
            },
            "tags_all": {
              "Name": "testvpc"
            }
          },
          "sensitive_attributes": [],
          "private": "eyJzY2hlbWFfdmVyc2lvbiI6IjEifQ=="
        }
      ]
    }
  ],
  "check_results": null
}
